
Microsoft Visual Studio Solution File, Format Version 12.00
Project("{FAE04EC0-301F-11D3-BF4B-00C04F79EFBC}") = "WpfApp1", "WpfApp1\WpfApp1.csproj", "{0C08E202-82EB-4AF1-BC35-2EEE334389AB}"
EndProject
Global
	GlobalSection(SolutionConfigurationPlatforms) = preSolution
		Debug|Any CPU = Debug|Any CPU
		Release|Any CPU = Release|Any CPU
	EndGlobalSection
	GlobalSection(ProjectConfigurationPlatforms) = postSolution
		{0C08E202-82EB-4AF1-BC35-2EEE334389AB}.Debug|Any CPU.ActiveCfg = Debug|Any CPU
		{0C08E202-82EB-4AF1-BC35-2EEE334389AB}.Debug|Any CPU.Build.0 = Debug|Any CPU
		{0C08E202-82EB-4AF1-BC35-2EEE334389AB}.Release|Any CPU.ActiveCfg = Release|Any CPU
		{0C08E202-82EB-4AF1-BC35-2EEE334389AB}.Release|Any CPU.Build.0 = Release|Any CPU
	EndGlobalSection
EndGlobal
